Microsoft Visual Studio Solution File, Format Version 12.00
# Visual Studio Version 17
VisualStudioVersion = 17.0.31903.59
MinimumVisualStudioVersion = 10.0.40219.1
Project("{9A19103F-16F7-4668-BE54-9A1E7A4F7556}") = "XliffParser.Tests", "XliffParser.Tests\XliffParser.Tests.csproj", "{E6039432-348D-4F51-8EE5-BB7CA92A7409}"
EndProject
Project("{9A19103F-16F7-4668-BE54-9A1E7A4F7556}") = "SunamoExceptions", "..\..\sunamoWithoutDep\SunamoExceptions\SunamoExceptions.csproj", "{F3F6F3CA-A5F5-4994-9666-3FED63614B8F}"
EndProject
Project("{9A19103F-16F7-4668-BE54-9A1E7A4F7556}") = "sunamo", "..\..\sunamo\sunamo\sunamo.csproj", "{F6F92307-B0B3-4D6C-BD9C-8B5FF5560DCF}"
EndProject
Project("{9A19103F-16F7-4668-BE54-9A1E7A4F7556}") = "SearchTextBox.Tests", "SearchTextBox.Tests\SearchTextBox.Tests.csproj", "{7B0FF6A2-6A38-4E87-BFC2-3C98DCD46A76}"
EndProject
Project("{9A19103F-16F7-4668-BE54-9A1E7A4F7556}") = "Xlf", "..\..\sunamo\Xlf\Xlf.csproj", "{00B76D22-B82F-43FD-AC48-4B1F56E6910F}"
EndProject
Project("{9A19103F-16F7-4668-BE54-9A1E7A4F7556}") = "Lang", "..\..\sunamo.fragments\Lang\Lang.csproj", "{693C5EAF-4F45-43A8-ACD3-2B27F9288397}"
EndProject
Project("{9A19103F-16F7-4668-BE54-9A1E7A4F7556}") = "SlnGen.Common.Tests", "SlnGen.Common.Tests\SlnGen.Common.Tests.csproj", "{15342153-53D4-4263-B9D2-308AFA6F5DA7}"
EndProject
Project("{9A19103F-16F7-4668-BE54-9A1E7A4F7556}") = "UAParser.Tests", "UAParser.Tests\UAParser.Tests.csproj", "{E1DD73BA-7FE0-48D1-AB08-1B9406FAA3CA}"
EndProject
Project("{9A19103F-16F7-4668-BE54-9A1E7A4F7556}") = "UAParser", "..\..\sunamo.notmine\UAParser\UAParser.csproj", "{F0A3B88A-1DEB-460E-8043-B240943A6F2D}"
EndProject
Project("{9A19103F-16F7-4668-BE54-9A1E7A4F7556}") = "FubuTestingSupport", "FubuTestingSupport\FubuTestingSupport.csproj", "{CEF04237-F832-4BAF-BA5F-C5DEA0635E8E}"
EndProject
Project("{9A19103F-16F7-4668-BE54-9A1E7A4F7556}") = "FubuCore", "..\..\sunamo.notmine\FubuCore\FubuCore.csproj", "{342B987C-E0A4-4129-958D-8E08084E8A06}"
EndProject
Project("{9A19103F-16F7-4668-BE54-9A1E7A4F7556}") = "FubuCore.Testing.MSTest", "FubuCore.Testing.MSTest\FubuCore.Testing.MSTest.csproj", "{4160C1EF-9E6E-4D42-B572-FCA34D6433AA}"
EndProject
Project("{9A19103F-16F7-4668-BE54-9A1E7A4F7556}") = "SlnGen.Common.sunamo", "..\..\sunamo.notmine\SlnGen.Common\SlnGen.Common.sunamo.csproj", "{FCEB3DB0-6743-4EF3-985D-83AB339F4E26}"
EndProject
Project("{9A19103F-16F7-4668-BE54-9A1E7A4F7556}") = "PathEditor", "..\..\sunamoWithDep.notmine\PathEditor\PathEditor.csproj", "{EC822654-CDE4-4EE2-B033-55125CD11B80}"
EndProject
Project("{9A19103F-16F7-4668-BE54-9A1E7A4F7556}") = "FubuCsProjFile.Tests", "FubuCsProjFile.Tests\FubuCsProjFile.Tests.csproj", "{A901D3CA-EFBD-4B68-8874-A963FF1CA051}"
EndProject
Project("{9A19103F-16F7-4668-BE54-9A1E7A4F7556}") = "FubuCsProjFile", "..\..\sunamo.notmine\FubuCsProjFile\FubuCsProjFile.csproj", "{C2E69725-C0D0-4704-9F27-EEBF83F025D7}"
EndProject
Project("{9A19103F-16F7-4668-BE54-9A1E7A4F7556}") = "WinSec", "..\..\CredentialsWithoutDep\WinSec\WinSec.csproj", "{A3297E07-E22B-48A6-8D27-D3EAEE577CA8}"
EndProject
Project("{9A19103F-16F7-4668-BE54-9A1E7A4F7556}") = "fmdev.ResX", "..\..\sunamo.notmine\fmdev.ResX\fmdev.ResX.csproj", "{9D898423-1FAA-4007-9A81-CE922099DA3C}"
EndProject
Project("{9A19103F-16F7-4668-BE54-9A1E7A4F7556}") = "XliffParser", "..\..\sunamo.notmine\XliffParser\XliffParser.csproj", "{DB6BEE5B-4ED1-4617-9C91-7BAFBBBECC5A}"
EndProject
Project("{9A19103F-16F7-4668-BE54-9A1E7A4F7556}") = "Resources", "..\..\sunamo\Resources\Resources.csproj", "{3204432D-B6E7-4481-BEB0-8B177AF809C2}"
EndProject
Project("{9A19103F-16F7-4668-BE54-9A1E7A4F7556}") = "duo", "..\..\sunamo\duo\duo.csproj", "{D4C45A56-F726-4B63-B94B-4172AC65F358}"
EndProject
Project("{9A19103F-16F7-4668-BE54-9A1E7A4F7556}") = "shared", "..\..\sunamo\shared\shared.csproj", "{77719C0D-7C8B-4B9E-A644-AEE7CEB35134}"
EndProject
Project("{FAE04EC0-301F-11D3-BF4B-00C04F79EFBC}") = "SunamoExceptions.web", "..\..\sunamo.webWithoutDep\SunamoExceptions.web\SunamoExceptions.web.csproj", "{18035F7A-261A-417B-ACBF-8F3EED55B387}"
EndProject
Project("{9A19103F-16F7-4668-BE54-9A1E7A4F7556}") = "SearchTextBox", "..\..\sunamo.notmine\SearchTextBox\SearchTextBox.csproj", "{A2A2BB21-C4E9-4816-BBEE-A6114070970C}"
EndProject
Project("{FAE04EC0-301F-11D3-BF4B-00C04F79EFBC}") = "Runner", "Runner\Runner.csproj", "{DC461C04-4891-492B-A73C-6AA95A51098E}"
EndProject
Project("{FAE04EC0-301F-11D3-BF4B-00C04F79EFBC}") = "Metaproject.PackageIndex.Functions.ParseCsprojFile.Tests", "Metaproject.PackageIndex.Functions.ParseCsprojFile.Tests\Metaproject.PackageIndex.Functions.ParseCsprojFile.Tests.csproj", "{4701D9EC-9F63-4E78-9FD1-E9FD28797C7A}"
EndProject
Project("{9A19103F-16F7-4668-BE54-9A1E7A4F7556}") = "Metaproject.PackageIndex.Functions.ParseCsprojFile", "..\..\sunamo.notmine\Metaproject.PackageIndex.Functions.ParseCsprojFile\Metaproject.PackageIndex.Functions.ParseCsprojFile.csproj", "{83046D58-1E1F-44A6-B065-036B351CC362}"
EndProject
Project("{9A19103F-16F7-4668-BE54-9A1E7A4F7556}") = "Metaproject.PackageIndex.Structures.PackageProject", "..\..\sunamo.notmine\Metaproject.PackageIndex.Structures.PackageProject\Metaproject.PackageIndex.Structures.PackageProject.csproj", "{518B975C-0B87-4C67-81F3-895F6A94220C}"
EndProject
Global
	GlobalSection(SolutionConfigurationPlatforms) = preSolution
		Debug|Any CPU = Debug|Any CPU
		DumpAsm|Any CPU = DumpAsm|Any CPU
		Release|Any CPU = Release|Any CPU
	EndGlobalSection
	GlobalSection(ProjectConfigurationPlatforms) = postSolution
		{E6039432-348D-4F51-8EE5-BB7CA92A7409}.Debug|Any CPU.ActiveCfg = Debug|Any CPU
		{E6039432-348D-4F51-8EE5-BB7CA92A7409}.Debug|Any CPU.Build.0 = Debug|Any CPU
		{E6039432-348D-4F51-8EE5-BB7CA92A7409}.DumpAsm|Any CPU.ActiveCfg = DumpAsm|Any CPU
		{E6039432-348D-4F51-8EE5-BB7CA92A7409}.DumpAsm|Any CPU.Build.0 = DumpAsm|Any CPU
		{E6039432-348D-4F51-8EE5-BB7CA92A7409}.Release|Any CPU.ActiveCfg = Release|Any CPU
		{E6039432-348D-4F51-8EE5-BB7CA92A7409}.Release|Any CPU.Build.0 = Release|Any CPU
		{F3F6F3CA-A5F5-4994-9666-3FED63614B8F}.Debug|Any CPU.ActiveCfg = Debug|Any CPU
		{F3F6F3CA-A5F5-4994-9666-3FED63614B8F}.Debug|Any CPU.Build.0 = Debug|Any CPU
		{F3F6F3CA-A5F5-4994-9666-3FED63614B8F}.DumpAsm|Any CPU.ActiveCfg = DumpAsm|Any CPU
		{F3F6F3CA-A5F5-4994-9666-3FED63614B8F}.DumpAsm|Any CPU.Build.0 = DumpAsm|Any CPU
		{F3F6F3CA-A5F5-4994-9666-3FED63614B8F}.Release|Any CPU.ActiveCfg = Release|Any CPU
		{F3F6F3CA-A5F5-4994-9666-3FED63614B8F}.Release|Any CPU.Build.0 = Release|Any CPU
		{F6F92307-B0B3-4D6C-BD9C-8B5FF5560DCF}.Debug|Any CPU.ActiveCfg = Debug|Any CPU
		{F6F92307-B0B3-4D6C-BD9C-8B5FF5560DCF}.Debug|Any CPU.Build.0 = Debug|Any CPU
		{F6F92307-B0B3-4D6C-BD9C-8B5FF5560DCF}.DumpAsm|Any CPU.ActiveCfg = DumpAsm|Any CPU
		{F6F92307-B0B3-4D6C-BD9C-8B5FF5560DCF}.DumpAsm|Any CPU.Build.0 = DumpAsm|Any CPU
		{F6F92307-B0B3-4D6C-BD9C-8B5FF5560DCF}.Release|Any CPU.ActiveCfg = Release|Any CPU
		{F6F92307-B0B3-4D6C-BD9C-8B5FF5560DCF}.Release|Any CPU.Build.0 = Release|Any CPU
		{7B0FF6A2-6A38-4E87-BFC2-3C98DCD46A76}.Debug|Any CPU.ActiveCfg = Debug|Any CPU
		{7B0FF6A2-6A38-4E87-BFC2-3C98DCD46A76}.Debug|Any CPU.Build.0 = Debug|Any CPU
		{7B0FF6A2-6A38-4E87-BFC2-3C98DCD46A76}.DumpAsm|Any CPU.ActiveCfg = DumpAsm|Any CPU
		{7B0FF6A2-6A38-4E87-BFC2-3C98DCD46A76}.DumpAsm|Any CPU.Build.0 = DumpAsm|Any CPU
		{7B0FF6A2-6A38-4E87-BFC2-3C98DCD46A76}.Release|Any CPU.ActiveCfg = Release|Any CPU
		{7B0FF6A2-6A38-4E87-BFC2-3C98DCD46A76}.Release|Any CPU.Build.0 = Release|Any CPU
		{00B76D22-B82F-43FD-AC48-4B1F56E6910F}.Debug|Any CPU.ActiveCfg = Debug|Any CPU
		{00B76D22-B82F-43FD-AC48-4B1F56E6910F}.Debug|Any CPU.Build.0 = Debug|Any CPU
		{00B76D22-B82F-43FD-AC48-4B1F56E6910F}.DumpAsm|Any CPU.ActiveCfg = DumpAsm|Any CPU
		{00B76D22-B82F-43FD-AC48-4B1F56E6910F}.DumpAsm|Any CPU.Build.0 = DumpAsm|Any CPU
		{00B76D22-B82F-43FD-AC48-4B1F56E6910F}.Release|Any CPU.ActiveCfg = Release|Any CPU
		{00B76D22-B82F-43FD-AC48-4B1F56E6910F}.Release|Any CPU.Build.0 = Release|Any CPU
		{693C5EAF-4F45-43A8-ACD3-2B27F9288397}.Debug|Any CPU.ActiveCfg = Debug|Any CPU
		{693C5EAF-4F45-43A8-ACD3-2B27F9288397}.Debug|Any CPU.Build.0 = Debug|Any CPU
		{693C5EAF-4F45-43A8-ACD3-2B27F9288397}.DumpAsm|Any CPU.ActiveCfg = DumpAsm|Any CPU
		{693C5EAF-4F45-43A8-ACD3-2B27F9288397}.DumpAsm|Any CPU.Build.0 = DumpAsm|Any CPU
		{693C5EAF-4F45-43A8-ACD3-2B27F9288397}.Release|Any CPU.ActiveCfg = Release|Any CPU
		{693C5EAF-4F45-43A8-ACD3-2B27F9288397}.Release|Any CPU.Build.0 = Release|Any CPU
		{15342153-53D4-4263-B9D2-308AFA6F5DA7}.Debug|Any CPU.ActiveCfg = Debug|Any CPU
		{15342153-53D4-4263-B9D2-308AFA6F5DA7}.Debug|Any CPU.Build.0 = Debug|Any CPU
		{15342153-53D4-4263-B9D2-308AFA6F5DA7}.DumpAsm|Any CPU.ActiveCfg = DumpAsm|Any CPU
		{15342153-53D4-4263-B9D2-308AFA6F5DA7}.DumpAsm|Any CPU.Build.0 = DumpAsm|Any CPU
		{15342153-53D4-4263-B9D2-308AFA6F5DA7}.Release|Any CPU.ActiveCfg = Release|Any CPU
		{15342153-53D4-4263-B9D2-308AFA6F5DA7}.Release|Any CPU.Build.0 = Release|Any CPU
		{E1DD73BA-7FE0-48D1-AB08-1B9406FAA3CA}.Debug|Any CPU.ActiveCfg = Debug|Any CPU
		{E1DD73BA-7FE0-48D1-AB08-1B9406FAA3CA}.Debug|Any CPU.Build.0 = Debug|Any CPU
		{E1DD73BA-7FE0-48D1-AB08-1B9406FAA3CA}.DumpAsm|Any CPU.ActiveCfg = DumpAsm|Any CPU
		{E1DD73BA-7FE0-48D1-AB08-1B9406FAA3CA}.DumpAsm|Any CPU.Build.0 = DumpAsm|Any CPU
		{E1DD73BA-7FE0-48D1-AB08-1B9406FAA3CA}.Release|Any CPU.ActiveCfg = Release|Any CPU
		{E1DD73BA-7FE0-48D1-AB08-1B9406FAA3CA}.Release|Any CPU.Build.0 = Release|Any CPU
		{F0A3B88A-1DEB-460E-8043-B240943A6F2D}.Debug|Any CPU.ActiveCfg = Debug|Any CPU
		{F0A3B88A-1DEB-460E-8043-B240943A6F2D}.Debug|Any CPU.Build.0 = Debug|Any CPU
		{F0A3B88A-1DEB-460E-8043-B240943A6F2D}.DumpAsm|Any CPU.ActiveCfg = DumpAsm|Any CPU
		{F0A3B88A-1DEB-460E-8043-B240943A6F2D}.DumpAsm|Any CPU.Build.0 = DumpAsm|Any CPU
		{F0A3B88A-1DEB-460E-8043-B240943A6F2D}.Release|Any CPU.ActiveCfg = Release|Any CPU
		{F0A3B88A-1DEB-460E-8043-B240943A6F2D}.Release|Any CPU.Build.0 = Release|Any CPU
		{CEF04237-F832-4BAF-BA5F-C5DEA0635E8E}.Debug|Any CPU.ActiveCfg = Debug|Any CPU
		{CEF04237-F832-4BAF-BA5F-C5DEA0635E8E}.Debug|Any CPU.Build.0 = Debug|Any CPU
		{CEF04237-F832-4BAF-BA5F-C5DEA0635E8E}.DumpAsm|Any CPU.ActiveCfg = DumpAsm|Any CPU
		{CEF04237-F832-4BAF-BA5F-C5DEA0635E8E}.DumpAsm|Any CPU.Build.0 = DumpAsm|Any CPU
		{CEF04237-F832-4BAF-BA5F-C5DEA0635E8E}.Release|Any CPU.ActiveCfg = Release|Any CPU
		{CEF04237-F832-4BAF-BA5F-C5DEA0635E8E}.Release|Any CPU.Build.0 = Release|Any CPU
		{342B987C-E0A4-4129-958D-8E08084E8A06}.Debug|Any CPU.ActiveCfg = Debug|Any CPU
		{342B987C-E0A4-4129-958D-8E08084E8A06}.Debug|Any CPU.Build.0 = Debug|Any CPU
		{342B987C-E0A4-4129-958D-8E08084E8A06}.DumpAsm|Any CPU.ActiveCfg = DumpAsm|Any CPU
		{342B987C-E0A4-4129-958D-8E08084E8A06}.DumpAsm|Any CPU.Build.0 = DumpAsm|Any CPU
		{342B987C-E0A4-4129-958D-8E08084E8A06}.Release|Any CPU.ActiveCfg = Release|Any CPU
		{342B987C-E0A4-4129-958D-8E08084E8A06}.Release|Any CPU.Build.0 = Release|Any CPU
		{4160C1EF-9E6E-4D42-B572-FCA34D6433AA}.Debug|Any CPU.ActiveCfg = Debug|Any CPU
		{4160C1EF-9E6E-4D42-B572-FCA34D6433AA}.Debug|Any CPU.Build.0 = Debug|Any CPU
		{4160C1EF-9E6E-4D42-B572-FCA34D6433AA}.DumpAsm|Any CPU.ActiveCfg = DumpAsm|Any CPU
		{4160C1EF-9E6E-4D42-B572-FCA34D6433AA}.DumpAsm|Any CPU.Build.0 = DumpAsm|Any CPU
		{4160C1EF-9E6E-4D42-B572-FCA34D6433AA}.Release|Any CPU.ActiveCfg = Release|Any CPU
		{4160C1EF-9E6E-4D42-B572-FCA34D6433AA}.Release|Any CPU.Build.0 = Release|Any CPU
		{FCEB3DB0-6743-4EF3-985D-83AB339F4E26}.Debug|Any CPU.ActiveCfg = Debug|Any CPU
		{FCEB3DB0-6743-4EF3-985D-83AB339F4E26}.Debug|Any CPU.Build.0 = Debug|Any CPU
		{FCEB3DB0-6743-4EF3-985D-83AB339F4E26}.DumpAsm|Any CPU.ActiveCfg = DumpAsm|Any CPU
		{FCEB3DB0-6743-4EF3-985D-83AB339F4E26}.DumpAsm|Any CPU.Build.0 = DumpAsm|Any CPU
		{FCEB3DB0-6743-4EF3-985D-83AB339F4E26}.Release|Any CPU.ActiveCfg = Release|Any CPU
		{FCEB3DB0-6743-4EF3-985D-83AB339F4E26}.Release|Any CPU.Build.0 = Release|Any CPU
		{EC822654-CDE4-4EE2-B033-55125CD11B80}.Debug|Any CPU.ActiveCfg = Debug|Any CPU
		{EC822654-CDE4-4EE2-B033-55125CD11B80}.Debug|Any CPU.Build.0 = Debug|Any CPU
		{EC822654-CDE4-4EE2-B033-55125CD11B80}.DumpAsm|Any CPU.ActiveCfg = DumpAsm|Any CPU
		{EC822654-CDE4-4EE2-B033-55125CD11B80}.DumpAsm|Any CPU.Build.0 = DumpAsm|Any CPU
		{EC822654-CDE4-4EE2-B033-55125CD11B80}.Release|Any CPU.ActiveCfg = Release|Any CPU
		{EC822654-CDE4-4EE2-B033-55125CD11B80}.Release|Any CPU.Build.0 = Release|Any CPU
		{A901D3CA-EFBD-4B68-8874-A963FF1CA051}.Debug|Any CPU.ActiveCfg = Debug|Any CPU
		{A901D3CA-EFBD-4B68-8874-A963FF1CA051}.Debug|Any CPU.Build.0 = Debug|Any CPU
		{A901D3CA-EFBD-4B68-8874-A963FF1CA051}.DumpAsm|Any CPU.ActiveCfg = DumpAsm|Any CPU
		{A901D3CA-EFBD-4B68-8874-A963FF1CA051}.DumpAsm|Any CPU.Build.0 = DumpAsm|Any CPU
		{A901D3CA-EFBD-4B68-8874-A963FF1CA051}.Release|Any CPU.ActiveCfg = Release|Any CPU
		{A901D3CA-EFBD-4B68-8874-A963FF1CA051}.Release|Any CPU.Build.0 = Release|Any CPU
		{C2E69725-C0D0-4704-9F27-EEBF83F025D7}.Debug|Any CPU.ActiveCfg = Debug|Any CPU
		{C2E69725-C0D0-4704-9F27-EEBF83F025D7}.Debug|Any CPU.Build.0 = Debug|Any CPU
		{C2E69725-C0D0-4704-9F27-EEBF83F025D7}.DumpAsm|Any CPU.ActiveCfg = DumpAsm|Any CPU
		{C2E69725-C0D0-4704-9F27-EEBF83F025D7}.DumpAsm|Any CPU.Build.0 = DumpAsm|Any CPU
		{C2E69725-C0D0-4704-9F27-EEBF83F025D7}.Release|Any CPU.ActiveCfg = Release|Any CPU
		{C2E69725-C0D0-4704-9F27-EEBF83F025D7}.Release|Any CPU.Build.0 = Release|Any CPU
		{A3297E07-E22B-48A6-8D27-D3EAEE577CA8}.Debug|Any CPU.ActiveCfg = Debug|Any CPU
		{A3297E07-E22B-48A6-8D27-D3EAEE577CA8}.Debug|Any CPU.Build.0 = Debug|Any CPU
		{A3297E07-E22B-48A6-8D27-D3EAEE577CA8}.DumpAsm|Any CPU.ActiveCfg = DumpAsm|Any CPU
		{A3297E07-E22B-48A6-8D27-D3EAEE577CA8}.DumpAsm|Any CPU.Build.0 = DumpAsm|Any CPU
		{A3297E07-E22B-48A6-8D27-D3EAEE577CA8}.Release|Any CPU.ActiveCfg = Release|Any CPU
		{A3297E07-E22B-48A6-8D27-D3EAEE577CA8}.Release|Any CPU.Build.0 = Release|Any CPU
		{9D898423-1FAA-4007-9A81-CE922099DA3C}.Debug|Any CPU.ActiveCfg = Debug|Any CPU
		{9D898423-1FAA-4007-9A81-CE922099DA3C}.Debug|Any CPU.Build.0 = Debug|Any CPU
		{9D898423-1FAA-4007-9A81-CE922099DA3C}.DumpAsm|Any CPU.ActiveCfg = DumpAsm|Any CPU
		{9D898423-1FAA-4007-9A81-CE922099DA3C}.DumpAsm|Any CPU.Build.0 = DumpAsm|Any CPU
		{9D898423-1FAA-4007-9A81-CE922099DA3C}.Release|Any CPU.ActiveCfg = Release|Any CPU
		{9D898423-1FAA-4007-9A81-CE922099DA3C}.Release|Any CPU.Build.0 = Release|Any CPU
		{DB6BEE5B-4ED1-4617-9C91-7BAFBBBECC5A}.Debug|Any CPU.ActiveCfg = Debug|Any CPU
		{DB6BEE5B-4ED1-4617-9C91-7BAFBBBECC5A}.Debug|Any CPU.Build.0 = Debug|Any CPU
		{DB6BEE5B-4ED1-4617-9C91-7BAFBBBECC5A}.DumpAsm|Any CPU.ActiveCfg = DumpAsm|Any CPU
		{DB6BEE5B-4ED1-4617-9C91-7BAFBBBECC5A}.DumpAsm|Any CPU.Build.0 = DumpAsm|Any CPU
		{DB6BEE5B-4ED1-4617-9C91-7BAFBBBECC5A}.Release|Any CPU.ActiveCfg = Release|Any CPU
		{DB6BEE5B-4ED1-4617-9C91-7BAFBBBECC5A}.Release|Any CPU.Build.0 = Release|Any CPU
		{3204432D-B6E7-4481-BEB0-8B177AF809C2}.Debug|Any CPU.ActiveCfg = Debug|Any CPU
		{3204432D-B6E7-4481-BEB0-8B177AF809C2}.Debug|Any CPU.Build.0 = Debug|Any CPU
		{3204432D-B6E7-4481-BEB0-8B177AF809C2}.DumpAsm|Any CPU.ActiveCfg = DumpAsm|Any CPU
		{3204432D-B6E7-4481-BEB0-8B177AF809C2}.DumpAsm|Any CPU.Build.0 = DumpAsm|Any CPU
		{3204432D-B6E7-4481-BEB0-8B177AF809C2}.Release|Any CPU.ActiveCfg = Release|Any CPU
		{3204432D-B6E7-4481-BEB0-8B177AF809C2}.Release|Any CPU.Build.0 = Release|Any CPU
		{D4C45A56-F726-4B63-B94B-4172AC65F358}.Debug|Any CPU.ActiveCfg = Debug|Any CPU
		{D4C45A56-F726-4B63-B94B-4172AC65F358}.Debug|Any CPU.Build.0 = Debug|Any CPU
		{D4C45A56-F726-4B63-B94B-4172AC65F358}.DumpAsm|Any CPU.ActiveCfg = DumpAsm|Any CPU
		{D4C45A56-F726-4B63-B94B-4172AC65F358}.DumpAsm|Any CPU.Build.0 = DumpAsm|Any CPU
		{D4C45A56-F726-4B63-B94B-4172AC65F358}.Release|Any CPU.ActiveCfg = Release|Any CPU
		{D4C45A56-F726-4B63-B94B-4172AC65F358}.Release|Any CPU.Build.0 = Release|Any CPU
		{77719C0D-7C8B-4B9E-A644-AEE7CEB35134}.Debug|Any CPU.ActiveCfg = Debug|Any CPU
		{77719C0D-7C8B-4B9E-A644-AEE7CEB35134}.Debug|Any CPU.Build.0 = Debug|Any CPU
		{77719C0D-7C8B-4B9E-A644-AEE7CEB35134}.DumpAsm|Any CPU.ActiveCfg = DumpAsm|Any CPU
		{77719C0D-7C8B-4B9E-A644-AEE7CEB35134}.DumpAsm|Any CPU.Build.0 = DumpAsm|Any CPU
		{77719C0D-7C8B-4B9E-A644-AEE7CEB35134}.Release|Any CPU.ActiveCfg = Release|Any CPU
		{77719C0D-7C8B-4B9E-A644-AEE7CEB35134}.Release|Any CPU.Build.0 = Release|Any CPU
		{18035F7A-261A-417B-ACBF-8F3EED55B387}.Debug|Any CPU.ActiveCfg = Debug|Any CPU
		{18035F7A-261A-417B-ACBF-8F3EED55B387}.Debug|Any CPU.Build.0 = Debug|Any CPU
		{18035F7A-261A-417B-ACBF-8F3EED55B387}.DumpAsm|Any CPU.ActiveCfg = DumpAsm|Any CPU
		{18035F7A-261A-417B-ACBF-8F3EED55B387}.DumpAsm|Any CPU.Build.0 = DumpAsm|Any CPU
		{18035F7A-261A-417B-ACBF-8F3EED55B387}.Release|Any CPU.ActiveCfg = Release|Any CPU
		{18035F7A-261A-417B-ACBF-8F3EED55B387}.Release|Any CPU.Build.0 = Release|Any CPU
		{A2A2BB21-C4E9-4816-BBEE-A6114070970C}.Debug|Any CPU.ActiveCfg = Debug|Any CPU
		{A2A2BB21-C4E9-4816-BBEE-A6114070970C}.Debug|Any CPU.Build.0 = Debug|Any CPU
		{A2A2BB21-C4E9-4816-BBEE-A6114070970C}.DumpAsm|Any CPU.ActiveCfg = Debug|Any CPU
		{A2A2BB21-C4E9-4816-BBEE-A6114070970C}.DumpAsm|Any CPU.Build.0 = Debug|Any CPU
		{A2A2BB21-C4E9-4816-BBEE-A6114070970C}.Release|Any CPU.ActiveCfg = Release|Any CPU
		{A2A2BB21-C4E9-4816-BBEE-A6114070970C}.Release|Any CPU.Build.0 = Release|Any CPU
		{DC461C04-4891-492B-A73C-6AA95A51098E}.Debug|Any CPU.ActiveCfg = Debug|Any CPU
		{DC461C04-4891-492B-A73C-6AA95A51098E}.Debug|Any CPU.Build.0 = Debug|Any CPU
		{DC461C04-4891-492B-A73C-6AA95A51098E}.DumpAsm|Any CPU.ActiveCfg = Debug|Any CPU
		{DC461C04-4891-492B-A73C-6AA95A51098E}.DumpAsm|Any CPU.Build.0 = Debug|Any CPU
		{DC461C04-4891-492B-A73C-6AA95A51098E}.Release|Any CPU.ActiveCfg = Release|Any CPU
		{DC461C04-4891-492B-A73C-6AA95A51098E}.Release|Any CPU.Build.0 = Release|Any CPU
		{4701D9EC-9F63-4E78-9FD1-E9FD28797C7A}.Debug|Any CPU.ActiveCfg = Debug|Any CPU
		{4701D9EC-9F63-4E78-9FD1-E9FD28797C7A}.Debug|Any CPU.Build.0 = Debug|Any CPU
		{4701D9EC-9F63-4E78-9FD1-E9FD28797C7A}.DumpAsm|Any CPU.ActiveCfg = Debug|Any CPU
		{4701D9EC-9F63-4E78-9FD1-E9FD28797C7A}.DumpAsm|Any CPU.Build.0 = Debug|Any CPU
		{4701D9EC-9F63-4E78-9FD1-E9FD28797C7A}.Release|Any CPU.ActiveCfg = Release|Any CPU
		{4701D9EC-9F63-4E78-9FD1-E9FD28797C7A}.Release|Any CPU.Build.0 = Release|Any CPU
		{83046D58-1E1F-44A6-B065-036B351CC362}.Debug|Any CPU.ActiveCfg = Debug|Any CPU
		{83046D58-1E1F-44A6-B065-036B351CC362}.Debug|Any CPU.Build.0 = Debug|Any CPU
		{83046D58-1E1F-44A6-B065-036B351CC362}.DumpAsm|Any CPU.ActiveCfg = Debug|Any CPU
		{83046D58-1E1F-44A6-B065-036B351CC362}.DumpAsm|Any CPU.Build.0 = Debug|Any CPU
		{83046D58-1E1F-44A6-B065-036B351CC362}.Release|Any CPU.ActiveCfg = Release|Any CPU
		{83046D58-1E1F-44A6-B065-036B351CC362}.Release|Any CPU.Build.0 = Release|Any CPU
		{518B975C-0B87-4C67-81F3-895F6A94220C}.Debug|Any CPU.ActiveCfg = Debug|Any CPU
		{518B975C-0B87-4C67-81F3-895F6A94220C}.Debug|Any CPU.Build.0 = Debug|Any CPU
		{518B975C-0B87-4C67-81F3-895F6A94220C}.DumpAsm|Any CPU.ActiveCfg = Debug|Any CPU
		{518B975C-0B87-4C67-81F3-895F6A94220C}.DumpAsm|Any CPU.Build.0 = Debug|Any CPU
		{518B975C-0B87-4C67-81F3-895F6A94220C}.Release|Any CPU.ActiveCfg = Release|Any CPU
		{518B975C-0B87-4C67-81F3-895F6A94220C}.Release|Any CPU.Build.0 = Release|Any CPU
	EndGlobalSection
	GlobalSection(SolutionProperties) = preSolution
		HideSolutionNode = FALSE
	EndGlobalSection
	GlobalSection(ExtensibilityGlobals) = postSolution
		SolutionGuid = {138362C3-37E5-4D9F-91D7-3DF001CCBA28}
	EndGlobalSection
EndGlobal
