
Microsoft Visual Studio Solution File, Format Version 12.00
# Visual Studio Version 16
VisualStudioVersion = 16.0.29806.167
MinimumVisualStudioVersion = 10.0.40219.1
Project("{FAE04EC0-301F-11D3-BF4B-00C04F79EFBC}") = "sunamo.notmine.Tests", "sunamo.notmine.Tests\sunamo.notmine.Tests.csproj", "{8352BE14-3B07-4D0D-B5D3-B1C5965505CD}"
EndProject
Project("{FAE04EC0-301F-11D3-BF4B-00C04F79EFBC}") = "PathEditor", "..\sunamo.notmine\PathEditor\PathEditor.csproj", "{EC822654-CDE4-4EE2-B033-55125CD11B80}"
EndProject
Project("{9A19103F-16F7-4668-BE54-9A1E7A4F7556}") = "XliffParser.Tests", "XliffParser.Tests\XliffParser.Tests.csproj", "{E6039432-348D-4F51-8EE5-BB7CA92A7409}"
EndProject
Project("{9A19103F-16F7-4668-BE54-9A1E7A4F7556}") = "SunamoExceptions", "..\sunamo\SunamoExceptions\SunamoExceptions.csproj", "{F3F6F3CA-A5F5-4994-9666-3FED63614B8F}"
EndProject
Project("{FAE04EC0-301F-11D3-BF4B-00C04F79EFBC}") = "sunamo", "..\sunamo\sunamo\sunamo.csproj", "{F6F92307-B0B3-4D6C-BD9C-8B5FF5560DCF}"
EndProject
Project("{FAE04EC0-301F-11D3-BF4B-00C04F79EFBC}") = "SearchTextBox.Tests", "SearchTextBox.Tests\SearchTextBox.Tests.csproj", "{7B0FF6A2-6A38-4E87-BFC2-3C98DCD46A76}"
EndProject
Project("{FAE04EC0-301F-11D3-BF4B-00C04F79EFBC}") = "SearchTextBox", "..\sunamo.notmine\SearchTextBox\SearchTextBox.csproj", "{A3082956-9EE4-4B35-9B4E-B07D0C4C8B56}"
EndProject
Global
	GlobalSection(SolutionConfigurationPlatforms) = preSolution
		Debug|Any CPU = Debug|Any CPU
		Release|Any CPU = Release|Any CPU
	EndGlobalSection
	GlobalSection(ProjectConfigurationPlatforms) = postSolution
		{8352BE14-3B07-4D0D-B5D3-B1C5965505CD}.Debug|Any CPU.ActiveCfg = Debug|Any CPU
		{8352BE14-3B07-4D0D-B5D3-B1C5965505CD}.Debug|Any CPU.Build.0 = Debug|Any CPU
		{8352BE14-3B07-4D0D-B5D3-B1C5965505CD}.Release|Any CPU.ActiveCfg = Release|Any CPU
		{8352BE14-3B07-4D0D-B5D3-B1C5965505CD}.Release|Any CPU.Build.0 = Release|Any CPU
		{EC822654-CDE4-4EE2-B033-55125CD11B80}.Debug|Any CPU.ActiveCfg = Debug|Any CPU
		{EC822654-CDE4-4EE2-B033-55125CD11B80}.Debug|Any CPU.Build.0 = Debug|Any CPU
		{EC822654-CDE4-4EE2-B033-55125CD11B80}.Release|Any CPU.ActiveCfg = Release|Any CPU
		{EC822654-CDE4-4EE2-B033-55125CD11B80}.Release|Any CPU.Build.0 = Release|Any CPU
		{E6039432-348D-4F51-8EE5-BB7CA92A7409}.Debug|Any CPU.ActiveCfg = Debug|Any CPU
		{E6039432-348D-4F51-8EE5-BB7CA92A7409}.Debug|Any CPU.Build.0 = Debug|Any CPU
		{E6039432-348D-4F51-8EE5-BB7CA92A7409}.Release|Any CPU.ActiveCfg = Release|Any CPU
		{E6039432-348D-4F51-8EE5-BB7CA92A7409}.Release|Any CPU.Build.0 = Release|Any CPU
		{F3F6F3CA-A5F5-4994-9666-3FED63614B8F}.Debug|Any CPU.ActiveCfg = Debug|Any CPU
		{F3F6F3CA-A5F5-4994-9666-3FED63614B8F}.Debug|Any CPU.Build.0 = Debug|Any CPU
		{F3F6F3CA-A5F5-4994-9666-3FED63614B8F}.Release|Any CPU.ActiveCfg = Release|Any CPU
		{F3F6F3CA-A5F5-4994-9666-3FED63614B8F}.Release|Any CPU.Build.0 = Release|Any CPU
		{F6F92307-B0B3-4D6C-BD9C-8B5FF5560DCF}.Debug|Any CPU.ActiveCfg = Debug|Any CPU
		{F6F92307-B0B3-4D6C-BD9C-8B5FF5560DCF}.Debug|Any CPU.Build.0 = Debug|Any CPU
		{F6F92307-B0B3-4D6C-BD9C-8B5FF5560DCF}.Release|Any CPU.ActiveCfg = Release|Any CPU
		{F6F92307-B0B3-4D6C-BD9C-8B5FF5560DCF}.Release|Any CPU.Build.0 = Release|Any CPU
		{7B0FF6A2-6A38-4E87-BFC2-3C98DCD46A76}.Debug|Any CPU.ActiveCfg = Debug|Any CPU
		{7B0FF6A2-6A38-4E87-BFC2-3C98DCD46A76}.Debug|Any CPU.Build.0 = Debug|Any CPU
		{7B0FF6A2-6A38-4E87-BFC2-3C98DCD46A76}.Release|Any CPU.ActiveCfg = Release|Any CPU
		{7B0FF6A2-6A38-4E87-BFC2-3C98DCD46A76}.Release|Any CPU.Build.0 = Release|Any CPU
		{A3082956-9EE4-4B35-9B4E-B07D0C4C8B56}.Debug|Any CPU.ActiveCfg = Debug|Any CPU
		{A3082956-9EE4-4B35-9B4E-B07D0C4C8B56}.Debug|Any CPU.Build.0 = Debug|Any CPU
		{A3082956-9EE4-4B35-9B4E-B07D0C4C8B56}.Release|Any CPU.ActiveCfg = Release|Any CPU
		{A3082956-9EE4-4B35-9B4E-B07D0C4C8B56}.Release|Any CPU.Build.0 = Release|Any CPU
	EndGlobalSection
	GlobalSection(SolutionProperties) = preSolution
		HideSolutionNode = FALSE
	EndGlobalSection
	GlobalSection(ExtensibilityGlobals) = postSolution
		SolutionGuid = {138362C3-37E5-4D9F-91D7-3DF001CCBA28}
	EndGlobalSection
EndGlobal
